// !$*UTF8*$!
{
	archiveVersion = 1;
	classes = {
	};
	objectVersion = 46;
	objects = {

/* Begin PBXBuildFile section */
		BF9683691D2B00C900B58891 /* BookAvailabilityHandler.swift in Sources */ = {isa = PBXBuildFile; fileRef = BF9683681D2B00C900B58891 /* BookAvailabilityHandler.swift */; };
		BF96836B1D2B025E00B58891 /* secret.swift in Sources */ = {isa = PBXBuildFile; fileRef = BF96836A1D2B025E00B58891 /* secret.swift */; };
		BF96836D1D2B0F3300B58891 /* LoanCheckOutHandler.swift in Sources */ = {isa = PBXBuildFile; fileRef = BF96836C1D2B0F3300B58891 /* LoanCheckOutHandler.swift */; };
		BFD0C77A1D20956E0031339E /* SwiftyLibrarianREST.h in Headers */ = {isa = PBXBuildFile; fileRef = BFD0C7791D20956E0031339E /* SwiftyLibrarianREST.h */; settings = {ATTRIBUTES = (Public, ); }; };
		BFD0C7821D20965C0031339E /* PerfectInit.swift in Sources */ = {isa = PBXBuildFile; fileRef = BFD0C7811D20965C0031339E /* PerfectInit.swift */; };
		BFD0C7841D2096760031339E /* PerfectLib.framework in Frameworks */ = {isa = PBXBuildFile; fileRef = BFD0C7831D2096760031339E /* PerfectLib.framework */; };
		BFD0C7861D20968D0031339E /* SearchingBooksHandler.swift in Sources */ = {isa = PBXBuildFile; fileRef = BFD0C7851D20968D0031339E /* SearchingBooksHandler.swift */; };
		BFD0C7891D2097930031339E /* MySQL.framework in Frameworks */ = {isa = PBXBuildFile; fileRef = BFD0C7881D2097930031339E /* MySQL.framework */; };
		BFD0C78B1D2098140031339E /* PerfectHelper.swift in Sources */ = {isa = PBXBuildFile; fileRef = BFD0C78A1D2098140031339E /* PerfectHelper.swift */; };
/* End PBXBuildFile section */

/* Begin PBXFileReference section */
		BF9683681D2B00C900B58891 /* BookAvailabilityHandler.swift */ = {isa = PBXFileReference; fileEncoding = 4; lastKnownFileType = sourcecode.swift; path = BookAvailabilityHandler.swift; sourceTree = "<group>"; };
		BF96836A1D2B025E00B58891 /* secret.swift */ = {isa = PBXFileReference; fileEncoding = 4; lastKnownFileType = sourcecode.swift; path = secret.swift; sourceTree = "<group>"; };
		BF96836C1D2B0F3300B58891 /* LoanCheckOutHandler.swift */ = {isa = PBXFileReference; fileEncoding = 4; lastKnownFileType = sourcecode.swift; path = LoanCheckOutHandler.swift; sourceTree = "<group>"; };
		BFD0C7761D20956E0031339E /* SwiftyLibrarianREST.framework */ = {isa = PBXFileReference; explicitFileType = wrapper.framework; includeInIndex = 0; path = SwiftyLibrarianREST.framework; sourceTree = BUILT_PRODUCTS_DIR; };
		BFD0C7791D20956E0031339E /* SwiftyLibrarianREST.h */ = {isa = PBXFileReference; lastKnownFileType = sourcecode.c.h; path = SwiftyLibrarianREST.h; sourceTree = "<group>"; };
		BFD0C77B1D20956E0031339E /* Info.plist */ = {isa = PBXFileReference; lastKnownFileType = text.plist.xml; path = Info.plist; sourceTree = "<group>"; };
		BFD0C7811D20965C0031339E /* PerfectInit.swift */ = {isa = PBXFileReference; fileEncoding = 4; lastKnownFileType = sourcecode.swift; path = PerfectInit.swift; sourceTree = "<group>"; };
		BFD0C7831D2096760031339E /* PerfectLib.framework */ = {isa = PBXFileReference; lastKnownFileType = wrapper.framework; name = PerfectLib.framework; path = "../../../../Library/Developer/Xcode/DerivedData/Swifty-Librarian-gzqewftotnlqtudquqeurxllaquk/Build/Products/Debug/PerfectLib.framework"; sourceTree = "<group>"; };
		BFD0C7851D20968D0031339E /* SearchingBooksHandler.swift */ = {isa = PBXFileReference; fileEncoding = 4; lastKnownFileType = sourcecode.swift; path = SearchingBooksHandler.swift; sourceTree = "<group>"; };
		BFD0C7881D2097930031339E /* MySQL.framework */ = {isa = PBXFileReference; lastKnownFileType = wrapper.framework; name = MySQL.framework; path = "../../../../Library/Developer/Xcode/DerivedData/Swifty-Librarian-gzqewftotnlqtudquqeurxllaquk/Build/Products/Debug/MySQL.framework"; sourceTree = "<group>"; };
		BFD0C78A1D2098140031339E /* PerfectHelper.swift */ = {isa = PBXFileReference; fileEncoding = 4; lastKnownFileType = sourcecode.swift; path = PerfectHelper.swift; sourceTree = "<group>"; };
/* End PBXFileReference section */

/* Begin PBXFrameworksBuildPhase section */
		BFD0C7721D20956E0031339E /* Frameworks */ = {
			isa = PBXFrameworksBuildPhase;
			buildActionMask = 2147483647;
			files = (
				BFD0C7891D2097930031339E /* MySQL.framework in Frameworks */,
				BFD0C7841D2096760031339E /* PerfectLib.framework in Frameworks */,
			);
			runOnlyForDeploymentPostprocessing = 0;
		};
/* End PBXFrameworksBuildPhase section */

/* Begin PBXGroup section */
		BFD0C76C1D20956E0031339E = {
			isa = PBXGroup;
			children = (
				BFD0C7881D2097930031339E /* MySQL.framework */,
				BFD0C7831D2096760031339E /* PerfectLib.framework */,
				BFD0C7781D20956E0031339E /* SwiftyLibrarianREST */,
				BFD0C7771D20956E0031339E /* Products */,
			);
			sourceTree = "<group>";
		};
		BFD0C7771D20956E0031339E /* Products */ = {
			isa = PBXGroup;
			children = (
				BFD0C7761D20956E0031339E /* SwiftyLibrarianREST.framework */,
			);
			name = Products;
			sourceTree = "<group>";
		};
		BFD0C7781D20956E0031339E /* SwiftyLibrarianREST */ = {
			isa = PBXGroup;
			children = (
				BFD0C7871D2097680031339E /* Support */,
				BFD0C7811D20965C0031339E /* PerfectInit.swift */,
				BFD0C7851D20968D0031339E /* SearchingBooksHandler.swift */,
				BF9683681D2B00C900B58891 /* BookAvailabilityHandler.swift */,
				BF96836C1D2B0F3300B58891 /* LoanCheckOutHandler.swift */,
				BFD0C78A1D2098140031339E /* PerfectHelper.swift */,
				BF96836A1D2B025E00B58891 /* secret.swift */,
			);
			path = SwiftyLibrarianREST;
			sourceTree = "<group>";
		};
		BFD0C7871D2097680031339E /* Support */ = {
			isa = PBXGroup;
			children = (
				BFD0C7791D20956E0031339E /* SwiftyLibrarianREST.h */,
				BFD0C77B1D20956E0031339E /* Info.plist */,
			);
			name = Support;
			sourceTree = "<group>";
		};
/* End PBXGroup section */

/* Begin PBXHeadersBuildPhase section */
		BFD0C7731D20956E0031339E /* Headers */ = {
			isa = PBXHeadersBuildPhase;
			buildActionMask = 2147483647;
			files = (
				BFD0C77A1D20956E0031339E /* SwiftyLibrarianREST.h in Headers */,
			);
			runOnlyForDeploymentPostprocessing = 0;
		};
/* End PBXHeadersBuildPhase section */

/* Begin PBXNativeTarget section */
		BFD0C7751D20956E0031339E /* SwiftyLibrarianREST */ = {
			isa = PBXNativeTarget;
			buildConfigurationList = BFD0C77E1D20956E0031339E /* Build configuration list for PBXNativeTarget "SwiftyLibrarianREST" */;
			buildPhases = (
				BFD0C7711D20956E0031339E /* Sources */,
				BFD0C7721D20956E0031339E /* Frameworks */,
				BFD0C7731D20956E0031339E /* Headers */,
				BFD0C7741D20956E0031339E /* Resources */,
			);
			buildRules = (
			);
			dependencies = (
			);
			name = SwiftyLibrarianREST;
			productName = SwiftyLibrarianREST;
			productReference = BFD0C7761D20956E0031339E /* SwiftyLibrarianREST.framework */;
			productType = "com.apple.product-type.framework";
		};
/* End PBXNativeTarget section */

/* Begin PBXProject section */
		BFD0C76D1D20956E0031339E /* Project object */ = {
			isa = PBXProject;
			attributes = {
				LastUpgradeCheck = 0730;
				ORGANIZATIONNAME = com.github.shaneqi;
				TargetAttributes = {
					BFD0C7751D20956E0031339E = {
						CreatedOnToolsVersion = 7.3.1;
					};
				};
			};
			buildConfigurationList = BFD0C7701D20956E0031339E /* Build configuration list for PBXProject "SwiftyLibrarianREST" */;
			compatibilityVersion = "Xcode 3.2";
			developmentRegion = English;
			hasScannedForEncodings = 0;
			knownRegions = (
				en,
			);
			mainGroup = BFD0C76C1D20956E0031339E;
			productRefGroup = BFD0C7771D20956E0031339E /* Products */;
			projectDirPath = "";
			projectRoot = "";
			targets = (
				BFD0C7751D20956E0031339E /* SwiftyLibrarianREST */,
			);
		};
/* End PBXProject section */

/* Begin PBXResourcesBuildPhase section */
		BFD0C7741D20956E0031339E /* Resources */ = {
			isa = PBXResourcesBuildPhase;
			buildActionMask = 2147483647;
			files = (
			);
			runOnlyForDeploymentPostprocessing = 0;
		};
/* End PBXResourcesBuildPhase section */

/* Begin PBXSourcesBuildPhase section */
		BFD0C7711D20956E0031339E /* Sources */ = {
			isa = PBXSourcesBuildPhase;
			buildActionMask = 2147483647;
			files = (
				BF9683691D2B00C900B58891 /* BookAvailabilityHandler.swift in Sources */,
				BFD0C78B1D2098140031339E /* PerfectHelper.swift in Sources */,
				BF96836B1D2B025E00B58891 /* secret.swift in Sources */,
				BFD0C7861D20968D0031339E /* SearchingBooksHandler.swift in Sources */,
				BF96836D1D2B0F3300B58891 /* LoanCheckOutHandler.swift in Sources */,
				BFD0C7821D20965C0031339E /* PerfectInit.swift in Sources */,
			);
			runOnlyForDeploymentPostprocessing = 0;
		};
/* End PBXSourcesBuildPhase section */

/* Begin XCBuildConfiguration section */
		BFD0C77C1D20956E0031339E /* Debug */ = {
			isa = XCBuildConfiguration;
			buildSettings = {
				ALWAYS_SEARCH_USER_PATHS = NO;
				CLANG_ANALYZER_NONNULL = YES;
				CLANG_CXX_LANGUAGE_STANDARD = "gnu++0x";
				CLANG_CXX_LIBRARY = "libc++";
				CLANG_ENABLE_MODULES = YES;
				CLANG_ENABLE_OBJC_ARC = YES;
				CLANG_WARN_BOOL_CONVERSION = YES;
				CLANG_WARN_CONSTANT_CONVERSION = YES;
				CLANG_WARN_DIRECT_OBJC_ISA_USAGE = YES_ERROR;
				CLANG_WARN_EMPTY_BODY = YES;
				CLANG_WARN_ENUM_CONVERSION = YES;
				CLANG_WARN_INT_CONVERSION = YES;
				CLANG_WARN_OBJC_ROOT_CLASS = YES_ERROR;
				CLANG_WARN_UNREACHABLE_CODE = YES;
				CLANG_WARN__DUPLICATE_METHOD_MATCH = YES;
				CODE_SIGN_IDENTITY = "-";
				COPY_PHASE_STRIP = NO;
				CURRENT_PROJECT_VERSION = 1;
				DEBUG_INFORMATION_FORMAT = dwarf;
				ENABLE_STRICT_OBJC_MSGSEND = YES;
				ENABLE_TESTABILITY = YES;
				GCC_C_LANGUAGE_STANDARD = gnu99;
				GCC_DYNAMIC_NO_PIC = NO;
				GCC_NO_COMMON_BLOCKS = YES;
				GCC_OPTIMIZATION_LEVEL = 0;
				GCC_PREPROCESSOR_DEFINITIONS = (
					"DEBUG=1",
					"$(inherited)",
				);
				GCC_WARN_64_TO_32_BIT_CONVERSION = YES;
				GCC_WARN_ABOUT_RETURN_TYPE = YES_ERROR;
				GCC_WARN_UNDECLARED_SELECTOR = YES;
				GCC_WARN_UNINITIALIZED_AUTOS = YES_AGGRESSIVE;
				GCC_WARN_UNUSED_FUNCTION = YES;
				GCC_WARN_UNUSED_VARIABLE = YES;
				MACOSX_DEPLOYMENT_TARGET = 10.11;
				MTL_ENABLE_DEBUG_INFO = YES;
				ONLY_ACTIVE_ARCH = YES;
				SDKROOT = macosx;
				SWIFT_OPTIMIZATION_LEVEL = "-Onone";
				VERSIONING_SYSTEM = "apple-generic";
				VERSION_INFO_PREFIX = "";
			};
			name = Debug;
		};
		BFD0C77D1D20956E0031339E /* Release */ = {
			isa = XCBuildConfiguration;
			buildSettings = {
				ALWAYS_SEARCH_USER_PATHS = NO;
				CLANG_ANALYZER_NONNULL = YES;
				CLANG_CXX_LANGUAGE_STANDARD = "gnu++0x";
				CLANG_CXX_LIBRARY = "libc++";
				CLANG_ENABLE_MODULES = YES;
				CLANG_ENABLE_OBJC_ARC = YES;
				CLANG_WARN_BOOL_CONVERSION = YES;
				CLANG_WARN_CONSTANT_CONVERSION = YES;
				CLANG_WARN_DIRECT_OBJC_ISA_USAGE = YES_ERROR;
				CLANG_WARN_EMPTY_BODY = YES;
				CLANG_WARN_ENUM_CONVERSION = YES;
				CLANG_WARN_INT_CONVERSION = YES;
				CLANG_WARN_OBJC_ROOT_CLASS = YES_ERROR;
				CLANG_WARN_UNREACHABLE_CODE = YES;
				CLANG_WARN__DUPLICATE_METHOD_MATCH = YES;
				CODE_SIGN_IDENTITY = "-";
				COPY_PHASE_STRIP = NO;
				CURRENT_PROJECT_VERSION = 1;
				DEBUG_INFORMATION_FORMAT = "dwarf-with-dsym";
				ENABLE_NS_ASSERTIONS = NO;
				ENABLE_STRICT_OBJC_MSGSEND = YES;
				GCC_C_LANGUAGE_STANDARD = gnu99;
				GCC_NO_COMMON_BLOCKS = YES;
				GCC_WARN_64_TO_32_BIT_CONVERSION = YES;
				GCC_WARN_ABOUT_RETURN_TYPE = YES_ERROR;
				GCC_WARN_UNDECLARED_SELECTOR = YES;
				GCC_WARN_UNINITIALIZED_AUTOS = YES_AGGRESSIVE;
				GCC_WARN_UNUSED_FUNCTION = YES;
				GCC_WARN_UNUSED_VARIABLE = YES;
				MACOSX_DEPLOYMENT_TARGET = 10.11;
				MTL_ENABLE_DEBUG_INFO = NO;
				SDKROOT = macosx;
				VERSIONING_SYSTEM = "apple-generic";
				VERSION_INFO_PREFIX = "";
			};
			name = Release;
		};
		BFD0C77F1D20956E0031339E /* Debug */ = {
			isa = XCBuildConfiguration;
			buildSettings = {
				CLANG_ENABLE_MODULES = YES;
				COMBINE_HIDPI_IMAGES = YES;
				DEFINES_MODULE = YES;
				DEPLOYMENT_LOCATION = YES;
				DSTROOT = "$(CONFIGURATION_BUILD_DIR)";
				DYLIB_COMPATIBILITY_VERSION = 1;
				DYLIB_CURRENT_VERSION = 1;
				DYLIB_INSTALL_NAME_BASE = "@rpath";
				FRAMEWORK_VERSION = A;
				INFOPLIST_FILE = SwiftyLibrarianREST/Info.plist;
				INSTALL_PATH = /PerfectLibraries;
				LD_RUNPATH_SEARCH_PATHS = "$(inherited) @executable_path/../Frameworks @loader_path/Frameworks";
				PRODUCT_BUNDLE_IDENTIFIER = com.github.shaneqi.SwiftyLibrarianREST;
				PRODUCT_NAME = "$(TARGET_NAME)";
				SKIP_INSTALL = NO;
				SWIFT_OPTIMIZATION_LEVEL = "-Onone";
			};
			name = Debug;
		};
		BFD0C7801D20956E0031339E /* Release */ = {
			isa = XCBuildConfiguration;
			buildSettings = {
				CLANG_ENABLE_MODULES = YES;
				COMBINE_HIDPI_IMAGES = YES;
				DEFINES_MODULE = YES;
				DEPLOYMENT_LOCATION = YES;
				DSTROOT = "$(CONFIGURATION_BUILD_DIR)";
				DYLIB_COMPATIBILITY_VERSION = 1;
				DYLIB_CURRENT_VERSION = 1;
				DYLIB_INSTALL_NAME_BASE = "@rpath";
				FRAMEWORK_VERSION = A;
				INFOPLIST_FILE = SwiftyLibrarianREST/Info.plist;
				INSTALL_PATH = /PerfectLibraries;
				LD_RUNPATH_SEARCH_PATHS = "$(inherited) @executable_path/../Frameworks @loader_path/Frameworks";
				PRODUCT_BUNDLE_IDENTIFIER = com.github.shaneqi.SwiftyLibrarianREST;
				PRODUCT_NAME = "$(TARGET_NAME)";
				SKIP_INSTALL = NO;
			};
			name = Release;
		};
/* End XCBuildConfiguration section */

/* Begin XCConfigurationList section */
		BFD0C7701D20956E0031339E /* Build configuration list for PBXProject "SwiftyLibrarianREST" */ = {
			isa = XCConfigurationList;
			buildConfigurations = (
				BFD0C77C1D20956E0031339E /* Debug */,
				BFD0C77D1D20956E0031339E /* Release */,
			);
			defaultConfigurationIsVisible = 0;
			defaultConfigurationName = Release;
		};
		BFD0C77E1D20956E0031339E /* Build configuration list for PBXNativeTarget "SwiftyLibrarianREST" */ = {
			isa = XCConfigurationList;
			buildConfigurations = (
				BFD0C77F1D20956E0031339E /* Debug */,
				BFD0C7801D20956E0031339E /* Release */,
			);
			defaultConfigurationIsVisible = 0;
			defaultConfigurationName = Release;
		};
/* End XCConfigurationList section */
	};
	rootObject = BFD0C76D1D20956E0031339E /* Project object */;
}
